
Microsoft Visual Studio Solution File, Format Version 12.00
# Visual Studio Version 16
VisualStudioVersion = 16.0.31321.278
MinimumVisualStudioVersion = 10.0.40219.1
Project("{9A19103F-16F7-4668-BE54-9A1E7A4F7556}") = "NimeniAltii.Web", "NimeniAltii.Web\NimeniAltii.Web.csproj", "{58ADA200-9405-43F5-A5C1-97EAFF6B5DBC}"
EndProject
Project("{FAE04EC0-301F-11D3-BF4B-00C04F79EFBC}") = "NimeniAltii.Models", "NimeniAltii.Models\NimeniAltii.Models.csproj", "{35A17FA8-17CE-42AC-A3F3-BADB194E1E28}"
EndProject
Project("{FAE04EC0-301F-11D3-BF4B-00C04F79EFBC}") = "NimeniAltiiLab.R", "NimeniAltiiLab.R\NimeniAltiiLab.R.csproj", "{5EF1F2B3-F7AB-48D0-85AC-D0212894D2DF}"
EndProject
Global
	GlobalSection(SolutionConfigurationPlatforms) = preSolution
		Debug|Any CPU = Debug|Any CPU
		Release|Any CPU = Release|Any CPU
	EndGlobalSection
	GlobalSection(ProjectConfigurationPlatforms) = postSolution
		{58ADA200-9405-43F5-A5C1-97EAFF6B5DBC}.Debug|Any CPU.ActiveCfg = Debug|Any CPU
		{58ADA200-9405-43F5-A5C1-97EAFF6B5DBC}.Debug|Any CPU.Build.0 = Debug|Any CPU
		{58ADA200-9405-43F5-A5C1-97EAFF6B5DBC}.Release|Any CPU.ActiveCfg = Release|Any CPU
		{58ADA200-9405-43F5-A5C1-97EAFF6B5DBC}.Release|Any CPU.Build.0 = Release|Any CPU
		{35A17FA8-17CE-42AC-A3F3-BADB194E1E28}.Debug|Any CPU.ActiveCfg = Debug|Any CPU
		{35A17FA8-17CE-42AC-A3F3-BADB194E1E28}.Debug|Any CPU.Build.0 = Debug|Any CPU
		{35A17FA8-17CE-42AC-A3F3-BADB194E1E28}.Release|Any CPU.ActiveCfg = Release|Any CPU
		{35A17FA8-17CE-42AC-A3F3-BADB194E1E28}.Release|Any CPU.Build.0 = Release|Any CPU
		{5EF1F2B3-F7AB-48D0-85AC-D0212894D2DF}.Debug|Any CPU.ActiveCfg = Debug|Any CPU
		{5EF1F2B3-F7AB-48D0-85AC-D0212894D2DF}.Debug|Any CPU.Build.0 = Debug|Any CPU
		{5EF1F2B3-F7AB-48D0-85AC-D0212894D2DF}.Release|Any CPU.ActiveCfg = Release|Any CPU
		{5EF1F2B3-F7AB-48D0-85AC-D0212894D2DF}.Release|Any CPU.Build.0 = Release|Any CPU
	EndGlobalSection
	GlobalSection(SolutionProperties) = preSolution
		HideSolutionNode = FALSE
	EndGlobalSection
	GlobalSection(ExtensibilityGlobals) = postSolution
		SolutionGuid = {2A05955F-10D0-4C28-8D81-F6D29BC33FB4}
	EndGlobalSection
EndGlobal
